// !$*UTF8*$!
{
	archiveVersion = 1;
	classes = {
	};
	objectVersion = 56;
	objects = {

/* Begin PBXBuildFile section */
		F94BA7DE2A0ED6F300A59A04 /* SecureAppApp.swift in Sources */ = {isa = PBXBuildFile; fileRef = F94BA7DD2A0ED6F300A59A04 /* SecureAppApp.swift */; };
		F94BA7E02A0ED6F300A59A04 /* ContentView.swift in Sources */ = {isa = PBXBuildFile; fileRef = F94BA7DF2A0ED6F300A59A04 /* ContentView.swift */; };
		F94BA7E22A0ED6F400A59A04 /* Assets.xcassets in Resources */ = {isa = PBXBuildFile; fileRef = F94BA7E12A0ED6F400A59A04 /* Assets.xcassets */; };
		F94BA7E52A0ED6F400A59A04 /* Preview Assets.xcassets in Resources */ = {isa = PBXBuildFile; fileRef = F94BA7E42A0ED6F400A59A04 /* Preview Assets.xcassets */; };
		F94BA7E72A0ED6F400A59A04 /* Persistence.swift in Sources */ = {isa = PBXBuildFile; fileRef = F94BA7E62A0ED6F400A59A04 /* Persistence.swift */; };
		F94BA7EA2A0ED6F400A59A04 /* SecureApp.xcdatamodeld in Sources */ = {isa = PBXBuildFile; fileRef = F94BA7E82A0ED6F400A59A04 /* SecureApp.xcdatamodeld */; };
		F94BA7F22A1224DA00A59A04 /* BCSecure2023 in Frameworks */ = {isa = PBXBuildFile; productRef = F94BA7F12A1224DA00A59A04 /* BCSecure2023 */; };
		F94BA7F42A12251700A59A04 /* DataEncryptVM.swift in Sources */ = {isa = PBXBuildFile; fileRef = F94BA7F32A12251700A59A04 /* DataEncryptVM.swift */; };
		F99818F62A12A5CE00AB04A5 /* Extensions.swift in Sources */ = {isa = PBXBuildFile; fileRef = F99818F52A12A5CE00AB04A5 /* Extensions.swift */; };
		F99818F82A12AC9200AB04A5 /* Enums.swift in Sources */ = {isa = PBXBuildFile; fileRef = F99818F72A12AC9200AB04A5 /* Enums.swift */; };
		F9F72B3A2A12B7AD005BEE2F /* DataEncryptView.swift in Sources */ = {isa = PBXBuildFile; fileRef = F9F72B392A12B7AD005BEE2F /* DataEncryptView.swift */; };
		F9F72B3C2A12B80D005BEE2F /* SecureDataView.swift in Sources */ = {isa = PBXBuildFile; fileRef = F9F72B3B2A12B80D005BEE2F /* SecureDataView.swift */; };
		F9F72B3E2A12C40A005BEE2F /* SecureDataViewVM.swift in Sources */ = {isa = PBXBuildFile; fileRef = F9F72B3D2A12C40A005BEE2F /* SecureDataViewVM.swift */; };
		F9F72B462A12D05B005BEE2F /* Persons.swift in Sources */ = {isa = PBXBuildFile; fileRef = F9F72B452A12D05B005BEE2F /* Persons.swift */; };
		F9F72B482A12D08C005BEE2F /* PersonsView.swift in Sources */ = {isa = PBXBuildFile; fileRef = F9F72B472A12D08C005BEE2F /* PersonsView.swift */; };
		F9F72B4A2A12D0CE005BEE2F /* PersonsVM.swift in Sources */ = {isa = PBXBuildFile; fileRef = F9F72B492A12D0CE005BEE2F /* PersonsVM.swift */; };
		F9F72B4C2A12D2DF005BEE2F /* NewPersonView.swift in Sources */ = {isa = PBXBuildFile; fileRef = F9F72B4B2A12D2DF005BEE2F /* NewPersonView.swift */; };
		F9F72B4E2A1402E4005BEE2F /* PersonsViewCD.swift in Sources */ = {isa = PBXBuildFile; fileRef = F9F72B4D2A1402E4005BEE2F /* PersonsViewCD.swift */; };
		F9F72B8C2A14BE16005BEE2F /* ObfuscateView.swift in Sources */ = {isa = PBXBuildFile; fileRef = F9F72B8B2A14BE15005BEE2F /* ObfuscateView.swift */; };
		F9F72B922A14BF9D005BEE2F /* PersonasCD.swift in Sources */ = {isa = PBXBuildFile; fileRef = F9F72B902A14BF9D005BEE2F /* PersonasCD.swift */; };
		F9F72B962A156C59005BEE2F /* LoginView.swift in Sources */ = {isa = PBXBuildFile; fileRef = F9F72B952A156C59005BEE2F /* LoginView.swift */; };
		F9F72B982A156C78005BEE2F /* LoginViewVM.swift in Sources */ = {isa = PBXBuildFile; fileRef = F9F72B972A156C78005BEE2F /* LoginViewVM.swift */; };
/* End PBXBuildFile section */

/* Begin PBXFileReference section */
		F94BA7DA2A0ED6F300A59A04 /* SecureApp.app */ = {isa = PBXFileReference; explicitFileType = wrapper.application; includeInIndex = 0; path = SecureApp.app; sourceTree = BUILT_PRODUCTS_DIR; };
		F94BA7DD2A0ED6F300A59A04 /* SecureAppApp.swift */ = {isa = PBXFileReference; lastKnownFileType = sourcecode.swift; path = SecureAppApp.swift; sourceTree = "<group>"; };
		F94BA7DF2A0ED6F300A59A04 /* ContentView.swift */ = {isa = PBXFileReference; lastKnownFileType = sourcecode.swift; path = ContentView.swift; sourceTree = "<group>"; };
		F94BA7E12A0ED6F400A59A04 /* Assets.xcassets */ = {isa = PBXFileReference; lastKnownFileType = folder.assetcatalog; path = Assets.xcassets; sourceTree = "<group>"; };
		F94BA7E42A0ED6F400A59A04 /* Preview Assets.xcassets */ = {isa = PBXFileReference; lastKnownFileType = folder.assetcatalog; path = "Preview Assets.xcassets"; sourceTree = "<group>"; };
		F94BA7E62A0ED6F400A59A04 /* Persistence.swift */ = {isa = PBXFileReference; lastKnownFileType = sourcecode.swift; path = Persistence.swift; sourceTree = "<group>"; };
		F94BA7E92A0ED6F400A59A04 /* SecureApp.xcdatamodel */ = {isa = PBXFileReference; lastKnownFileType = wrapper.xcdatamodel; path = SecureApp.xcdatamodel; sourceTree = "<group>"; };
		F94BA7F32A12251700A59A04 /* DataEncryptVM.swift */ = {isa = PBXFileReference; lastKnownFileType = sourcecode.swift; path = DataEncryptVM.swift; sourceTree = "<group>"; };
		F99818F52A12A5CE00AB04A5 /* Extensions.swift */ = {isa = PBXFileReference; lastKnownFileType = sourcecode.swift; path = Extensions.swift; sourceTree = "<group>"; };
		F99818F72A12AC9200AB04A5 /* Enums.swift */ = {isa = PBXFileReference; lastKnownFileType = sourcecode.swift; path = Enums.swift; sourceTree = "<group>"; };
		F9F72B392A12B7AD005BEE2F /* DataEncryptView.swift */ = {isa = PBXFileReference; lastKnownFileType = sourcecode.swift; path = DataEncryptView.swift; sourceTree = "<group>"; };
		F9F72B3B2A12B80D005BEE2F /* SecureDataView.swift */ = {isa = PBXFileReference; lastKnownFileType = sourcecode.swift; path = SecureDataView.swift; sourceTree = "<group>"; };
		F9F72B3D2A12C40A005BEE2F /* SecureDataViewVM.swift */ = {isa = PBXFileReference; lastKnownFileType = sourcecode.swift; path = SecureDataViewVM.swift; sourceTree = "<group>"; };
		F9F72B452A12D05B005BEE2F /* Persons.swift */ = {isa = PBXFileReference; lastKnownFileType = sourcecode.swift; path = Persons.swift; sourceTree = "<group>"; };
		F9F72B472A12D08C005BEE2F /* PersonsView.swift */ = {isa = PBXFileReference; lastKnownFileType = sourcecode.swift; path = PersonsView.swift; sourceTree = "<group>"; };
		F9F72B492A12D0CE005BEE2F /* PersonsVM.swift */ = {isa = PBXFileReference; lastKnownFileType = sourcecode.swift; name = PersonsVM.swift; path = ../../../../Documents/PersonsVM.swift; sourceTree = "<group>"; };
		F9F72B4B2A12D2DF005BEE2F /* NewPersonView.swift */ = {isa = PBXFileReference; lastKnownFileType = sourcecode.swift; path = NewPersonView.swift; sourceTree = "<group>"; };
		F9F72B4D2A1402E4005BEE2F /* PersonsViewCD.swift */ = {isa = PBXFileReference; lastKnownFileType = sourcecode.swift; path = PersonsViewCD.swift; sourceTree = "<group>"; };
		F9F72B8B2A14BE15005BEE2F /* ObfuscateView.swift */ = {isa = PBXFileReference; fileEncoding = 4; lastKnownFileType = sourcecode.swift; path = ObfuscateView.swift; sourceTree = "<group>"; };
		F9F72B902A14BF9D005BEE2F /* PersonasCD.swift */ = {isa = PBXFileReference; lastKnownFileType = sourcecode.swift; path = PersonasCD.swift; sourceTree = "<group>"; };
		F9F72B952A156C59005BEE2F /* LoginView.swift */ = {isa = PBXFileReference; lastKnownFileType = sourcecode.swift; path = LoginView.swift; sourceTree = "<group>"; };
		F9F72B972A156C78005BEE2F /* LoginViewVM.swift */ = {isa = PBXFileReference; lastKnownFileType = sourcecode.swift; path = LoginViewVM.swift; sourceTree = "<group>"; };
/* End PBXFileReference section */

/* Begin PBXFrameworksBuildPhase section */
		F94BA7D72A0ED6F300A59A04 /* Frameworks */ = {
			isa = PBXFrameworksBuildPhase;
			buildActionMask = 2147483647;
			files = (
				F94BA7F22A1224DA00A59A04 /* BCSecure2023 in Frameworks */,
			);
			runOnlyForDeploymentPostprocessing = 0;
		};
/* End PBXFrameworksBuildPhase section */

/* Begin PBXGroup section */
		F94BA7D12A0ED6F300A59A04 = {
			isa = PBXGroup;
			children = (
				F94BA7DC2A0ED6F300A59A04 /* SecureApp */,
				F94BA7DB2A0ED6F300A59A04 /* Products */,
			);
			sourceTree = "<group>";
		};
		F94BA7DB2A0ED6F300A59A04 /* Products */ = {
			isa = PBXGroup;
			children = (
				F94BA7DA2A0ED6F300A59A04 /* SecureApp.app */,
			);
			name = Products;
			sourceTree = "<group>";
		};
		F94BA7DC2A0ED6F300A59A04 /* SecureApp */ = {
			isa = PBXGroup;
			children = (
				F9F72B3F2A12C9DC005BEE2F /* View */,
				F9F72B402A12C9E3005BEE2F /* ViewModel */,
				F9F72B442A12D02B005BEE2F /* Models */,
				F9F72B412A12C9F4005BEE2F /* Helper */,
				F9F72B432A12CA23005BEE2F /* CoreData */,
				F9F72B422A12C9FB005BEE2F /* System */,
				F94BA7E32A0ED6F400A59A04 /* Preview Content */,
			);
			path = SecureApp;
			sourceTree = "<group>";
		};
		F94BA7E32A0ED6F400A59A04 /* Preview Content */ = {
			isa = PBXGroup;
			children = (
				F94BA7E42A0ED6F400A59A04 /* Preview Assets.xcassets */,
			);
			path = "Preview Content";
			sourceTree = "<group>";
		};
		F9F72B3F2A12C9DC005BEE2F /* View */ = {
			isa = PBXGroup;
			children = (
				F94BA7DF2A0ED6F300A59A04 /* ContentView.swift */,
				F9F72B392A12B7AD005BEE2F /* DataEncryptView.swift */,
				F9F72B3B2A12B80D005BEE2F /* SecureDataView.swift */,
				F9F72B472A12D08C005BEE2F /* PersonsView.swift */,
				F9F72B4D2A1402E4005BEE2F /* PersonsViewCD.swift */,
				F9F72B4B2A12D2DF005BEE2F /* NewPersonView.swift */,
				F9F72B8B2A14BE15005BEE2F /* ObfuscateView.swift */,
				F9F72B952A156C59005BEE2F /* LoginView.swift */,
			);
			name = View;
			sourceTree = "<group>";
		};
		F9F72B402A12C9E3005BEE2F /* ViewModel */ = {
			isa = PBXGroup;
			children = (
				F94BA7F32A12251700A59A04 /* DataEncryptVM.swift */,
				F9F72B3D2A12C40A005BEE2F /* SecureDataViewVM.swift */,
				F9F72B492A12D0CE005BEE2F /* PersonsVM.swift */,
				F9F72B972A156C78005BEE2F /* LoginViewVM.swift */,
			);
			name = ViewModel;
			sourceTree = "<group>";
		};
		F9F72B412A12C9F4005BEE2F /* Helper */ = {
			isa = PBXGroup;
			children = (
				F99818F52A12A5CE00AB04A5 /* Extensions.swift */,
				F99818F72A12AC9200AB04A5 /* Enums.swift */,
			);
			name = Helper;
			sourceTree = "<group>";
		};
		F9F72B422A12C9FB005BEE2F /* System */ = {
			isa = PBXGroup;
			children = (
				F94BA7DD2A0ED6F300A59A04 /* SecureAppApp.swift */,
				F94BA7E12A0ED6F400A59A04 /* Assets.xcassets */,
			);
			name = System;
			sourceTree = "<group>";
		};
		F9F72B432A12CA23005BEE2F /* CoreData */ = {
			isa = PBXGroup;
			children = (
				F9F72B902A14BF9D005BEE2F /* PersonasCD.swift */,
				F94BA7E62A0ED6F400A59A04 /* Persistence.swift */,
				F94BA7E82A0ED6F400A59A04 /* SecureApp.xcdatamodeld */,
			);
			name = CoreData;
			sourceTree = "<group>";
		};
		F9F72B442A12D02B005BEE2F /* Models */ = {
			isa = PBXGroup;
			children = (
				F9F72B452A12D05B005BEE2F /* Persons.swift */,
			);
			name = Models;
			sourceTree = "<group>";
		};
/* End PBXGroup section */

/* Begin PBXNativeTarget section */
		F94BA7D92A0ED6F300A59A04 /* SecureApp */ = {
			isa = PBXNativeTarget;
			buildConfigurationList = F94BA7ED2A0ED6F400A59A04 /* Build configuration list for PBXNativeTarget "SecureApp" */;
			buildPhases = (
				F94BA7D62A0ED6F300A59A04 /* Sources */,
				F94BA7D72A0ED6F300A59A04 /* Frameworks */,
				F94BA7D82A0ED6F300A59A04 /* Resources */,
			);
			buildRules = (
			);
			dependencies = (
			);
			name = SecureApp;
			packageProductDependencies = (
				F94BA7F12A1224DA00A59A04 /* BCSecure2023 */,
			);
			productName = SecureApp;
			productReference = F94BA7DA2A0ED6F300A59A04 /* SecureApp.app */;
			productType = "com.apple.product-type.application";
		};
/* End PBXNativeTarget section */

/* Begin PBXProject section */
		F94BA7D22A0ED6F300A59A04 /* Project object */ = {
			isa = PBXProject;
			attributes = {
				BuildIndependentTargetsInParallel = 1;
				LastSwiftUpdateCheck = 1430;
				LastUpgradeCheck = 1430;
				TargetAttributes = {
					F94BA7D92A0ED6F300A59A04 = {
						CreatedOnToolsVersion = 14.3;
					};
				};
			};
			buildConfigurationList = F94BA7D52A0ED6F300A59A04 /* Build configuration list for PBXProject "SecureApp" */;
			compatibilityVersion = "Xcode 14.0";
			developmentRegion = en;
			hasScannedForEncodings = 0;
			knownRegions = (
				en,
				Base,
			);
			mainGroup = F94BA7D12A0ED6F300A59A04;
			packageReferences = (
				F94BA7F02A1224DA00A59A04 /* XCRemoteSwiftPackageReference "BCSecure2023" */,
			);
			productRefGroup = F94BA7DB2A0ED6F300A59A04 /* Products */;
			projectDirPath = "";
			projectRoot = "";
			targets = (
				F94BA7D92A0ED6F300A59A04 /* SecureApp */,
			);
		};
/* End PBXProject section */

/* Begin PBXResourcesBuildPhase section */
		F94BA7D82A0ED6F300A59A04 /* Resources */ = {
			isa = PBXResourcesBuildPhase;
			buildActionMask = 2147483647;
			files = (
				F94BA7E52A0ED6F400A59A04 /* Preview Assets.xcassets in Resources */,
				F94BA7E22A0ED6F400A59A04 /* Assets.xcassets in Resources */,
			);
			runOnlyForDeploymentPostprocessing = 0;
		};
/* End PBXResourcesBuildPhase section */

/* Begin PBXSourcesBuildPhase section */
		F94BA7D62A0ED6F300A59A04 /* Sources */ = {
			isa = PBXSourcesBuildPhase;
			buildActionMask = 2147483647;
			files = (
				F9F72B3E2A12C40A005BEE2F /* SecureDataViewVM.swift in Sources */,
				F9F72B482A12D08C005BEE2F /* PersonsView.swift in Sources */,
				F94BA7F42A12251700A59A04 /* DataEncryptVM.swift in Sources */,
				F99818F62A12A5CE00AB04A5 /* Extensions.swift in Sources */,
				F9F72B3C2A12B80D005BEE2F /* SecureDataView.swift in Sources */,
				F9F72B922A14BF9D005BEE2F /* PersonasCD.swift in Sources */,
				F9F72B8C2A14BE16005BEE2F /* ObfuscateView.swift in Sources */,
				F9F72B462A12D05B005BEE2F /* Persons.swift in Sources */,
				F9F72B4E2A1402E4005BEE2F /* PersonsViewCD.swift in Sources */,
				F9F72B3A2A12B7AD005BEE2F /* DataEncryptView.swift in Sources */,
				F9F72B982A156C78005BEE2F /* LoginViewVM.swift in Sources */,
				F94BA7E72A0ED6F400A59A04 /* Persistence.swift in Sources */,
				F9F72B4A2A12D0CE005BEE2F /* PersonsVM.swift in Sources */,
				F9F72B962A156C59005BEE2F /* LoginView.swift in Sources */,
				F94BA7E02A0ED6F300A59A04 /* ContentView.swift in Sources */,
				F9F72B4C2A12D2DF005BEE2F /* NewPersonView.swift in Sources */,
				F99818F82A12AC9200AB04A5 /* Enums.swift in Sources */,
				F94BA7EA2A0ED6F400A59A04 /* SecureApp.xcdatamodeld in Sources */,
				F94BA7DE2A0ED6F300A59A04 /* SecureAppApp.swift in Sources */,
			);
			runOnlyForDeploymentPostprocessing = 0;
		};
/* End PBXSourcesBuildPhase section */

/* Begin XCBuildConfiguration section */
		F94BA7EB2A0ED6F400A59A04 /* Debug */ = {
			isa = XCBuildConfiguration;
			buildSettings = {
				ALWAYS_SEARCH_USER_PATHS = NO;
				CLANG_ANALYZER_NONNULL = YES;
				CLANG_ANALYZER_NUMBER_OBJECT_CONVERSION = YES_AGGRESSIVE;
				CLANG_CXX_LANGUAGE_STANDARD = "gnu++20";
				CLANG_ENABLE_MODULES = YES;
				CLANG_ENABLE_OBJC_ARC = YES;
				CLANG_ENABLE_OBJC_WEAK = YES;
				CLANG_WARN_BLOCK_CAPTURE_AUTORELEASING = YES;
				CLANG_WARN_BOOL_CONVERSION = YES;
				CLANG_WARN_COMMA = YES;
				CLANG_WARN_CONSTANT_CONVERSION = YES;
				CLANG_WARN_DEPRECATED_OBJC_IMPLEMENTATIONS = YES;
				CLANG_WARN_DIRECT_OBJC_ISA_USAGE = YES_ERROR;
				CLANG_WARN_DOCUMENTATION_COMMENTS = YES;
				CLANG_WARN_EMPTY_BODY = YES;
				CLANG_WARN_ENUM_CONVERSION = YES;
				CLANG_WARN_INFINITE_RECURSION = YES;
				CLANG_WARN_INT_CONVERSION = YES;
				CLANG_WARN_NON_LITERAL_NULL_CONVERSION = YES;
				CLANG_WARN_OBJC_IMPLICIT_RETAIN_SELF = YES;
				CLANG_WARN_OBJC_LITERAL_CONVERSION = YES;
				CLANG_WARN_OBJC_ROOT_CLASS = YES_ERROR;
				CLANG_WARN_QUOTED_INCLUDE_IN_FRAMEWORK_HEADER = YES;
				CLANG_WARN_RANGE_LOOP_ANALYSIS = YES;
				CLANG_WARN_STRICT_PROTOTYPES = YES;
				CLANG_WARN_SUSPICIOUS_MOVE = YES;
				CLANG_WARN_UNGUARDED_AVAILABILITY = YES_AGGRESSIVE;
				CLANG_WARN_UNREACHABLE_CODE = YES;
				CLANG_WARN__DUPLICATE_METHOD_MATCH = YES;
				COPY_PHASE_STRIP = NO;
				DEBUG_INFORMATION_FORMAT = dwarf;
				ENABLE_STRICT_OBJC_MSGSEND = YES;
				ENABLE_TESTABILITY = YES;
				GCC_C_LANGUAGE_STANDARD = gnu11;
				GCC_DYNAMIC_NO_PIC = NO;
				GCC_NO_COMMON_BLOCKS = YES;
				GCC_OPTIMIZATION_LEVEL = 0;
				GCC_PREPROCESSOR_DEFINITIONS = (
					"DEBUG=1",
					"$(inherited)",
				);
				GCC_WARN_64_TO_32_BIT_CONVERSION = YES;
				GCC_WARN_ABOUT_RETURN_TYPE = YES_ERROR;
				GCC_WARN_UNDECLARED_SELECTOR = YES;
				GCC_WARN_UNINITIALIZED_AUTOS = YES_AGGRESSIVE;
				GCC_WARN_UNUSED_FUNCTION = YES;
				GCC_WARN_UNUSED_VARIABLE = YES;
				IPHONEOS_DEPLOYMENT_TARGET = 16.4;
				MTL_ENABLE_DEBUG_INFO = INCLUDE_SOURCE;
				MTL_FAST_MATH = YES;
				ONLY_ACTIVE_ARCH = YES;
				SDKROOT = iphoneos;
				SWIFT_ACTIVE_COMPILATION_CONDITIONS = DEBUG;
				SWIFT_OPTIMIZATION_LEVEL = "-Onone";
			};
			name = Debug;
		};
		F94BA7EC2A0ED6F400A59A04 /* Release */ = {
			isa = XCBuildConfiguration;
			buildSettings = {
				ALWAYS_SEARCH_USER_PATHS = NO;
				CLANG_ANALYZER_NONNULL = YES;
				CLANG_ANALYZER_NUMBER_OBJECT_CONVERSION = YES_AGGRESSIVE;
				CLANG_CXX_LANGUAGE_STANDARD = "gnu++20";
				CLANG_ENABLE_MODULES = YES;
				CLANG_ENABLE_OBJC_ARC = YES;
				CLANG_ENABLE_OBJC_WEAK = YES;
				CLANG_WARN_BLOCK_CAPTURE_AUTORELEASING = YES;
				CLANG_WARN_BOOL_CONVERSION = YES;
				CLANG_WARN_COMMA = YES;
				CLANG_WARN_CONSTANT_CONVERSION = YES;
				CLANG_WARN_DEPRECATED_OBJC_IMPLEMENTATIONS = YES;
				CLANG_WARN_DIRECT_OBJC_ISA_USAGE = YES_ERROR;
				CLANG_WARN_DOCUMENTATION_COMMENTS = YES;
				CLANG_WARN_EMPTY_BODY = YES;
				CLANG_WARN_ENUM_CONVERSION = YES;
				CLANG_WARN_INFINITE_RECURSION = YES;
				CLANG_WARN_INT_CONVERSION = YES;
				CLANG_WARN_NON_LITERAL_NULL_CONVERSION = YES;
				CLANG_WARN_OBJC_IMPLICIT_RETAIN_SELF = YES;
				CLANG_WARN_OBJC_LITERAL_CONVERSION = YES;
				CLANG_WARN_OBJC_ROOT_CLASS = YES_ERROR;
				CLANG_WARN_QUOTED_INCLUDE_IN_FRAMEWORK_HEADER = YES;
				CLANG_WARN_RANGE_LOOP_ANALYSIS = YES;
				CLANG_WARN_STRICT_PROTOTYPES = YES;
				CLANG_WARN_SUSPICIOUS_MOVE = YES;
				CLANG_WARN_UNGUARDED_AVAILABILITY = YES_AGGRESSIVE;
				CLANG_WARN_UNREACHABLE_CODE = YES;
				CLANG_WARN__DUPLICATE_METHOD_MATCH = YES;
				COPY_PHASE_STRIP = NO;
				DEBUG_INFORMATION_FORMAT = "dwarf-with-dsym";
				ENABLE_NS_ASSERTIONS = NO;
				ENABLE_STRICT_OBJC_MSGSEND = YES;
				GCC_C_LANGUAGE_STANDARD = gnu11;
				GCC_NO_COMMON_BLOCKS = YES;
				GCC_WARN_64_TO_32_BIT_CONVERSION = YES;
				GCC_WARN_ABOUT_RETURN_TYPE = YES_ERROR;
				GCC_WARN_UNDECLARED_SELECTOR = YES;
				GCC_WARN_UNINITIALIZED_AUTOS = YES_AGGRESSIVE;
				GCC_WARN_UNUSED_FUNCTION = YES;
				GCC_WARN_UNUSED_VARIABLE = YES;
				IPHONEOS_DEPLOYMENT_TARGET = 16.4;
				MTL_ENABLE_DEBUG_INFO = NO;
				MTL_FAST_MATH = YES;
				SDKROOT = iphoneos;
				SWIFT_COMPILATION_MODE = wholemodule;
				SWIFT_OPTIMIZATION_LEVEL = "-O";
				VALIDATE_PRODUCT = YES;
			};
			name = Release;
		};
		F94BA7EE2A0ED6F400A59A04 /* Debug */ = {
			isa = XCBuildConfiguration;
			buildSettings = {
				ASSETCATALOG_COMPILER_APPICON_NAME = AppIcon;
				ASSETCATALOG_COMPILER_GLOBAL_ACCENT_COLOR_NAME = AccentColor;
				CODE_SIGN_STYLE = Automatic;
				CURRENT_PROJECT_VERSION = 1;
				DEVELOPMENT_ASSET_PATHS = "\"SecureApp/Preview Content\"";
				DEVELOPMENT_TEAM = N9HCL8S8K9;
				ENABLE_PREVIEWS = YES;
				GENERATE_INFOPLIST_FILE = YES;
				INFOPLIST_KEY_UIApplicationSceneManifest_Generation = YES;
				INFOPLIST_KEY_UIApplicationSupportsIndirectInputEvents = YES;
				INFOPLIST_KEY_UILaunchScreen_Generation = YES;
				INFOPLIST_KEY_UISupportedInterfaceOrientations_iPad = "UIInterfaceOrientationPortrait UIInterfaceOrientationPortraitUpsideDown UIInterfaceOrientationLandscapeLeft UIInterfaceOrientationLandscapeRight";
				INFOPLIST_KEY_UISupportedInterfaceOrientations_iPhone = "UIInterfaceOrientationPortrait UIInterfaceOrientationLandscapeLeft UIInterfaceOrientationLandscapeRight";
				LD_RUNPATH_SEARCH_PATHS = (
					"$(inherited)",
					"@executable_path/Frameworks",
				);
				MARKETING_VERSION = 1.0;
				PRODUCT_BUNDLE_IDENTIFIER = com.javieretxarri.SecureApp;
				PRODUCT_NAME = "$(TARGET_NAME)";
				SWIFT_EMIT_LOC_STRINGS = YES;
				SWIFT_VERSION = 5.0;
				TARGETED_DEVICE_FAMILY = "1,2";
			};
			name = Debug;
		};
		F94BA7EF2A0ED6F400A59A04 /* Release */ = {
			isa = XCBuildConfiguration;
			buildSettings = {
				ASSETCATALOG_COMPILER_APPICON_NAME = AppIcon;
				ASSETCATALOG_COMPILER_GLOBAL_ACCENT_COLOR_NAME = AccentColor;
				CODE_SIGN_STYLE = Automatic;
				CURRENT_PROJECT_VERSION = 1;
				DEVELOPMENT_ASSET_PATHS = "\"SecureApp/Preview Content\"";
				DEVELOPMENT_TEAM = N9HCL8S8K9;
				ENABLE_PREVIEWS = YES;
				GENERATE_INFOPLIST_FILE = YES;
				INFOPLIST_KEY_UIApplicationSceneManifest_Generation = YES;
				INFOPLIST_KEY_UIApplicationSupportsIndirectInputEvents = YES;
				INFOPLIST_KEY_UILaunchScreen_Generation = YES;
				INFOPLIST_KEY_UISupportedInterfaceOrientations_iPad = "UIInterfaceOrientationPortrait UIInterfaceOrientationPortraitUpsideDown UIInterfaceOrientationLandscapeLeft UIInterfaceOrientationLandscapeRight";
				INFOPLIST_KEY_UISupportedInterfaceOrientations_iPhone = "UIInterfaceOrientationPortrait UIInterfaceOrientationLandscapeLeft UIInterfaceOrientationLandscapeRight";
				LD_RUNPATH_SEARCH_PATHS = (
					"$(inherited)",
					"@executable_path/Frameworks",
				);
				MARKETING_VERSION = 1.0;
				PRODUCT_BUNDLE_IDENTIFIER = com.javieretxarri.SecureApp;
				PRODUCT_NAME = "$(TARGET_NAME)";
				SWIFT_EMIT_LOC_STRINGS = YES;
				SWIFT_VERSION = 5.0;
				TARGETED_DEVICE_FAMILY = "1,2";
			};
			name = Release;
		};
/* End XCBuildConfiguration section */

/* Begin XCConfigurationList section */
		F94BA7D52A0ED6F300A59A04 /* Build configuration list for PBXProject "SecureApp" */ = {
			isa = XCConfigurationList;
			buildConfigurations = (
				F94BA7EB2A0ED6F400A59A04 /* Debug */,
				F94BA7EC2A0ED6F400A59A04 /* Release */,
			);
			defaultConfigurationIsVisible = 0;
			defaultConfigurationName = Release;
		};
		F94BA7ED2A0ED6F400A59A04 /* Build configuration list for PBXNativeTarget "SecureApp" */ = {
			isa = XCConfigurationList;
			buildConfigurations = (
				F94BA7EE2A0ED6F400A59A04 /* Debug */,
				F94BA7EF2A0ED6F400A59A04 /* Release */,
			);
			defaultConfigurationIsVisible = 0;
			defaultConfigurationName = Release;
		};
/* End XCConfigurationList section */

/* Begin XCRemoteSwiftPackageReference section */
		F94BA7F02A1224DA00A59A04 /* XCRemoteSwiftPackageReference "BCSecure2023" */ = {
			isa = XCRemoteSwiftPackageReference;
			repositoryURL = "https://github.com/javieretxarri/BCSecure2023";
			requirement = {
				branch = main;
				kind = branch;
			};
		};
/* End XCRemoteSwiftPackageReference section */

/* Begin XCSwiftPackageProductDependency section */
		F94BA7F12A1224DA00A59A04 /* BCSecure2023 */ = {
			isa = XCSwiftPackageProductDependency;
			package = F94BA7F02A1224DA00A59A04 /* XCRemoteSwiftPackageReference "BCSecure2023" */;
			productName = BCSecure2023;
		};
/* End XCSwiftPackageProductDependency section */

/* Begin XCVersionGroup section */
		F94BA7E82A0ED6F400A59A04 /* SecureApp.xcdatamodeld */ = {
			isa = XCVersionGroup;
			children = (
				F94BA7E92A0ED6F400A59A04 /* SecureApp.xcdatamodel */,
			);
			currentVersion = F94BA7E92A0ED6F400A59A04 /* SecureApp.xcdatamodel */;
			path = SecureApp.xcdatamodeld;
			sourceTree = "<group>";
			versionGroupType = wrapper.xcdatamodel;
		};
/* End XCVersionGroup section */
	};
	rootObject = F94BA7D22A0ED6F300A59A04 /* Project object */;
}
